
Microsoft Visual Studio Solution File, Format Version 12.00
# Visual Studio Version 17
VisualStudioVersion = 17.5.002.0
MinimumVisualStudioVersion = 10.0.40219.1
Project("{9A19103F-16F7-4668-BE54-9A1E7A4F7556}") = "Test", "Test.csproj", "{D1898363-EED2-4F9C-B6A6-5321ACB179F2}"
EndProject
Global
	GlobalSection(SolutionConfigurationPlatforms) = preSolution
		Debug|Any CPU = Debug|Any CPU
		Release|Any CPU = Release|Any CPU
	EndGlobalSection
	GlobalSection(ProjectConfigurationPlatforms) = postSolution
		{D1898363-EED2-4F9C-B6A6-5321ACB179F2}.Debug|Any CPU.ActiveCfg = Debug|Any CPU
		{D1898363-EED2-4F9C-B6A6-5321ACB179F2}.Debug|Any CPU.Build.0 = Debug|Any CPU
		{D1898363-EED2-4F9C-B6A6-5321ACB179F2}.Release|Any CPU.ActiveCfg = Release|Any CPU
		{D1898363-EED2-4F9C-B6A6-5321ACB179F2}.Release|Any CPU.Build.0 = Release|Any CPU
	EndGlobalSection
	GlobalSection(SolutionProperties) = preSolution
		HideSolutionNode = FALSE
	EndGlobalSection
	GlobalSection(ExtensibilityGlobals) = postSolution
		SolutionGuid = {E600FA2D-06AC-41B4-868C-CA55911898B4}
	EndGlobalSection
EndGlobal
